// !$*UTF8*$!
{
	archiveVersion = 1;
	classes = {
	};
	objectVersion = 46;
	objects = {

/* Begin PBXBuildFile section */
		D9C163A61BAE255F0080ADE9 /* AppDelegate.swift in Sources */ = {isa = PBXBuildFile; fileRef = D9C163A51BAE255F0080ADE9 /* AppDelegate.swift */; };
		D9C163AA1BAE255F0080ADE9 /* GameScene.swift in Sources */ = {isa = PBXBuildFile; fileRef = D9C163A91BAE255F0080ADE9 /* GameScene.swift */; };
		D9C163AC1BAE255F0080ADE9 /* GameViewController.swift in Sources */ = {isa = PBXBuildFile; fileRef = D9C163AB1BAE255F0080ADE9 /* GameViewController.swift */; };
		D9C163AF1BAE255F0080ADE9 /* Main.storyboard in Resources */ = {isa = PBXBuildFile; fileRef = D9C163AD1BAE255F0080ADE9 /* Main.storyboard */; };
		D9C163B11BAE255F0080ADE9 /* Assets.xcassets in Resources */ = {isa = PBXBuildFile; fileRef = D9C163B01BAE255F0080ADE9 /* Assets.xcassets */; };
		D9C163B41BAE255F0080ADE9 /* LaunchScreen.storyboard in Resources */ = {isa = PBXBuildFile; fileRef = D9C163B21BAE255F0080ADE9 /* LaunchScreen.storyboard */; };
		D9C163BF1BAE255F0080ADE9 /* ThreeMatchOnSpriteTests.swift in Sources */ = {isa = PBXBuildFile; fileRef = D9C163BE1BAE255F0080ADE9 /* ThreeMatchOnSpriteTests.swift */; };
		D9C163CA1BAE255F0080ADE9 /* ThreeMatchOnSpriteUITests.swift in Sources */ = {isa = PBXBuildFile; fileRef = D9C163C91BAE255F0080ADE9 /* ThreeMatchOnSpriteUITests.swift */; };
		D9C163D81BAE31DC0080ADE9 /* Item.swift in Sources */ = {isa = PBXBuildFile; fileRef = D9C163D71BAE31DC0080ADE9 /* Item.swift */; settings = {ASSET_TAGS = (); }; };
		D9C163DC1BAE37620080ADE9 /* Board2D.swift in Sources */ = {isa = PBXBuildFile; fileRef = D9C163DB1BAE37620080ADE9 /* Board2D.swift */; settings = {ASSET_TAGS = (); }; };
		D9C163DE1BAE828F0080ADE9 /* Level.swift in Sources */ = {isa = PBXBuildFile; fileRef = D9C163DD1BAE828F0080ADE9 /* Level.swift */; settings = {ASSET_TAGS = (); }; };
/* End PBXBuildFile section */

/* Begin PBXContainerItemProxy section */
		D9C163BB1BAE255F0080ADE9 /* PBXContainerItemProxy */ = {
			isa = PBXContainerItemProxy;
			containerPortal = D9C1639A1BAE255F0080ADE9 /* Project object */;
			proxyType = 1;
			remoteGlobalIDString = D9C163A11BAE255F0080ADE9;
			remoteInfo = ThreeMatchOnSprite;
		};
		D9C163C61BAE255F0080ADE9 /* PBXContainerItemProxy */ = {
			isa = PBXContainerItemProxy;
			containerPortal = D9C1639A1BAE255F0080ADE9 /* Project object */;
			proxyType = 1;
			remoteGlobalIDString = D9C163A11BAE255F0080ADE9;
			remoteInfo = ThreeMatchOnSprite;
		};
/* End PBXContainerItemProxy section */

/* Begin PBXFileReference section */
		D9C163A21BAE255F0080ADE9 /* ThreeMatchOnSprite.app */ = {isa = PBXFileReference; explicitFileType = wrapper.application; includeInIndex = 0; path = ThreeMatchOnSprite.app; sourceTree = BUILT_PRODUCTS_DIR; };
		D9C163A51BAE255F0080ADE9 /* AppDelegate.swift */ = {isa = PBXFileReference; lastKnownFileType = sourcecode.swift; path = AppDelegate.swift; sourceTree = "<group>"; };
		D9C163A91BAE255F0080ADE9 /* GameScene.swift */ = {isa = PBXFileReference; lastKnownFileType = sourcecode.swift; path = GameScene.swift; sourceTree = "<group>"; };
		D9C163AB1BAE255F0080ADE9 /* GameViewController.swift */ = {isa = PBXFileReference; lastKnownFileType = sourcecode.swift; path = GameViewController.swift; sourceTree = "<group>"; };
		D9C163AE1BAE255F0080ADE9 /* Base */ = {isa = PBXFileReference; lastKnownFileType = file.storyboard; name = Base; path = Base.lproj/Main.storyboard; sourceTree = "<group>"; };
		D9C163B01BAE255F0080ADE9 /* Assets.xcassets */ = {isa = PBXFileReference; lastKnownFileType = folder.assetcatalog; path = Assets.xcassets; sourceTree = "<group>"; };
		D9C163B31BAE255F0080ADE9 /* Base */ = {isa = PBXFileReference; lastKnownFileType = file.storyboard; name = Base; path = Base.lproj/LaunchScreen.storyboard; sourceTree = "<group>"; };
		D9C163B51BAE255F0080ADE9 /* Info.plist */ = {isa = PBXFileReference; lastKnownFileType = text.plist.xml; path = Info.plist; sourceTree = "<group>"; };
		D9C163BA1BAE255F0080ADE9 /* ThreeMatchOnSpriteTests.xctest */ = {isa = PBXFileReference; explicitFileType = wrapper.cfbundle; includeInIndex = 0; path = ThreeMatchOnSpriteTests.xctest; sourceTree = BUILT_PRODUCTS_DIR; };
		D9C163BE1BAE255F0080ADE9 /* ThreeMatchOnSpriteTests.swift */ = {isa = PBXFileReference; lastKnownFileType = sourcecode.swift; path = ThreeMatchOnSpriteTests.swift; sourceTree = "<group>"; };
		D9C163C01BAE255F0080ADE9 /* Info.plist */ = {isa = PBXFileReference; lastKnownFileType = text.plist.xml; path = Info.plist; sourceTree = "<group>"; };
		D9C163C51BAE255F0080ADE9 /* ThreeMatchOnSpriteUITests.xctest */ = {isa = PBXFileReference; explicitFileType = wrapper.cfbundle; includeInIndex = 0; path = ThreeMatchOnSpriteUITests.xctest; sourceTree = BUILT_PRODUCTS_DIR; };
		D9C163C91BAE255F0080ADE9 /* ThreeMatchOnSpriteUITests.swift */ = {isa = PBXFileReference; lastKnownFileType = sourcecode.swift; path = ThreeMatchOnSpriteUITests.swift; sourceTree = "<group>"; };
		D9C163CB1BAE255F0080ADE9 /* Info.plist */ = {isa = PBXFileReference; lastKnownFileType = text.plist.xml; path = Info.plist; sourceTree = "<group>"; };
		D9C163D71BAE31DC0080ADE9 /* Item.swift */ = {isa = PBXFileReference; fileEncoding = 4; lastKnownFileType = sourcecode.swift; path = Item.swift; sourceTree = "<group>"; };
		D9C163DB1BAE37620080ADE9 /* Board2D.swift */ = {isa = PBXFileReference; fileEncoding = 4; lastKnownFileType = sourcecode.swift; path = Board2D.swift; sourceTree = "<group>"; };
		D9C163DD1BAE828F0080ADE9 /* Level.swift */ = {isa = PBXFileReference; fileEncoding = 4; lastKnownFileType = sourcecode.swift; path = Level.swift; sourceTree = "<group>"; };
/* End PBXFileReference section */

/* Begin PBXFrameworksBuildPhase section */
		D9C1639F1BAE255F0080ADE9 /* Frameworks */ = {
			isa = PBXFrameworksBuildPhase;
			buildActionMask = 2147483647;
			files = (
			);
			runOnlyForDeploymentPostprocessing = 0;
		};
		D9C163B71BAE255F0080ADE9 /* Frameworks */ = {
			isa = PBXFrameworksBuildPhase;
			buildActionMask = 2147483647;
			files = (
			);
			runOnlyForDeploymentPostprocessing = 0;
		};
		D9C163C21BAE255F0080ADE9 /* Frameworks */ = {
			isa = PBXFrameworksBuildPhase;
			buildActionMask = 2147483647;
			files = (
			);
			runOnlyForDeploymentPostprocessing = 0;
		};
/* End PBXFrameworksBuildPhase section */

/* Begin PBXGroup section */
		D9C163991BAE255F0080ADE9 = {
			isa = PBXGroup;
			children = (
				D9C163A41BAE255F0080ADE9 /* ThreeMatchOnSprite */,
				D9C163BD1BAE255F0080ADE9 /* ThreeMatchOnSpriteTests */,
				D9C163C81BAE255F0080ADE9 /* ThreeMatchOnSpriteUITests */,
				D9C163A31BAE255F0080ADE9 /* Products */,
			);
			sourceTree = "<group>";
		};
		D9C163A31BAE255F0080ADE9 /* Products */ = {
			isa = PBXGroup;
			children = (
				D9C163A21BAE255F0080ADE9 /* ThreeMatchOnSprite.app */,
				D9C163BA1BAE255F0080ADE9 /* ThreeMatchOnSpriteTests.xctest */,
				D9C163C51BAE255F0080ADE9 /* ThreeMatchOnSpriteUITests.xctest */,
			);
			name = Products;
			sourceTree = "<group>";
		};
		D9C163A41BAE255F0080ADE9 /* ThreeMatchOnSprite */ = {
			isa = PBXGroup;
			children = (
				D9C163A51BAE255F0080ADE9 /* AppDelegate.swift */,
				D9C163A91BAE255F0080ADE9 /* GameScene.swift */,
				D9C163AB1BAE255F0080ADE9 /* GameViewController.swift */,
				D9C163AD1BAE255F0080ADE9 /* Main.storyboard */,
				D9C163B01BAE255F0080ADE9 /* Assets.xcassets */,
				D9C163B21BAE255F0080ADE9 /* LaunchScreen.storyboard */,
				D9C163B51BAE255F0080ADE9 /* Info.plist */,
				D9C163D71BAE31DC0080ADE9 /* Item.swift */,
				D9C163DB1BAE37620080ADE9 /* Board2D.swift */,
				D9C163DD1BAE828F0080ADE9 /* Level.swift */,
			);
			path = ThreeMatchOnSprite;
			sourceTree = "<group>";
		};
		D9C163BD1BAE255F0080ADE9 /* ThreeMatchOnSpriteTests */ = {
			isa = PBXGroup;
			children = (
				D9C163BE1BAE255F0080ADE9 /* ThreeMatchOnSpriteTests.swift */,
				D9C163C01BAE255F0080ADE9 /* Info.plist */,
			);
			path = ThreeMatchOnSpriteTests;
			sourceTree = "<group>";
		};
		D9C163C81BAE255F0080ADE9 /* ThreeMatchOnSpriteUITests */ = {
			isa = PBXGroup;
			children = (
				D9C163C91BAE255F0080ADE9 /* ThreeMatchOnSpriteUITests.swift */,
				D9C163CB1BAE255F0080ADE9 /* Info.plist */,
			);
			path = ThreeMatchOnSpriteUITests;
			sourceTree = "<group>";
		};
/* End PBXGroup section */

/* Begin PBXNativeTarget section */
		D9C163A11BAE255F0080ADE9 /* ThreeMatchOnSprite */ = {
			isa = PBXNativeTarget;
			buildConfigurationList = D9C163CE1BAE255F0080ADE9 /* Build configuration list for PBXNativeTarget "ThreeMatchOnSprite" */;
			buildPhases = (
				D9C1639E1BAE255F0080ADE9 /* Sources */,
				D9C1639F1BAE255F0080ADE9 /* Frameworks */,
				D9C163A01BAE255F0080ADE9 /* Resources */,
			);
			buildRules = (
			);
			dependencies = (
			);
			name = ThreeMatchOnSprite;
			productName = ThreeMatchOnSprite;
			productReference = D9C163A21BAE255F0080ADE9 /* ThreeMatchOnSprite.app */;
			productType = "com.apple.product-type.application";
		};
		D9C163B91BAE255F0080ADE9 /* ThreeMatchOnSpriteTests */ = {
			isa = PBXNativeTarget;
			buildConfigurationList = D9C163D11BAE255F0080ADE9 /* Build configuration list for PBXNativeTarget "ThreeMatchOnSpriteTests" */;
			buildPhases = (
				D9C163B61BAE255F0080ADE9 /* Sources */,
				D9C163B71BAE255F0080ADE9 /* Frameworks */,
				D9C163B81BAE255F0080ADE9 /* Resources */,
			);
			buildRules = (
			);
			dependencies = (
				D9C163BC1BAE255F0080ADE9 /* PBXTargetDependency */,
			);
			name = ThreeMatchOnSpriteTests;
			productName = ThreeMatchOnSpriteTests;
			productReference = D9C163BA1BAE255F0080ADE9 /* ThreeMatchOnSpriteTests.xctest */;
			productType = "com.apple.product-type.bundle.unit-test";
		};
		D9C163C41BAE255F0080ADE9 /* ThreeMatchOnSpriteUITests */ = {
			isa = PBXNativeTarget;
			buildConfigurationList = D9C163D41BAE255F0080ADE9 /* Build configuration list for PBXNativeTarget "ThreeMatchOnSpriteUITests" */;
			buildPhases = (
				D9C163C11BAE255F0080ADE9 /* Sources */,
				D9C163C21BAE255F0080ADE9 /* Frameworks */,
				D9C163C31BAE255F0080ADE9 /* Resources */,
			);
			buildRules = (
			);
			dependencies = (
				D9C163C71BAE255F0080ADE9 /* PBXTargetDependency */,
			);
			name = ThreeMatchOnSpriteUITests;
			productName = ThreeMatchOnSpriteUITests;
			productReference = D9C163C51BAE255F0080ADE9 /* ThreeMatchOnSpriteUITests.xctest */;
			productType = "com.apple.product-type.bundle.ui-testing";
		};
/* End PBXNativeTarget section */

/* Begin PBXProject section */
		D9C1639A1BAE255F0080ADE9 /* Project object */ = {
			isa = PBXProject;
			attributes = {
				LastUpgradeCheck = 0700;
				ORGANIZATIONNAME = "Shidong Lin";
				TargetAttributes = {
					D9C163A11BAE255F0080ADE9 = {
						CreatedOnToolsVersion = 7.0;
					};
					D9C163B91BAE255F0080ADE9 = {
						CreatedOnToolsVersion = 7.0;
						TestTargetID = D9C163A11BAE255F0080ADE9;
					};
					D9C163C41BAE255F0080ADE9 = {
						CreatedOnToolsVersion = 7.0;
						TestTargetID = D9C163A11BAE255F0080ADE9;
					};
				};
			};
			buildConfigurationList = D9C1639D1BAE255F0080ADE9 /* Build configuration list for PBXProject "ThreeMatchOnSprite" */;
			compatibilityVersion = "Xcode 3.2";
			developmentRegion = English;
			hasScannedForEncodings = 0;
			knownRegions = (
				en,
				Base,
			);
			mainGroup = D9C163991BAE255F0080ADE9;
			productRefGroup = D9C163A31BAE255F0080ADE9 /* Products */;
			projectDirPath = "";
			projectRoot = "";
			targets = (
				D9C163A11BAE255F0080ADE9 /* ThreeMatchOnSprite */,
				D9C163B91BAE255F0080ADE9 /* ThreeMatchOnSpriteTests */,
				D9C163C41BAE255F0080ADE9 /* ThreeMatchOnSpriteUITests */,
			);
		};
/* End PBXProject section */

/* Begin PBXResourcesBuildPhase section */
		D9C163A01BAE255F0080ADE9 /* Resources */ = {
			isa = PBXResourcesBuildPhase;
			buildActionMask = 2147483647;
			files = (
				D9C163B41BAE255F0080ADE9 /* LaunchScreen.storyboard in Resources */,
				D9C163B11BAE255F0080ADE9 /* Assets.xcassets in Resources */,
				D9C163AF1BAE255F0080ADE9 /* Main.storyboard in Resources */,
			);
			runOnlyForDeploymentPostprocessing = 0;
		};
		D9C163B81BAE255F0080ADE9 /* Resources */ = {
			isa = PBXResourcesBuildPhase;
			buildActionMask = 2147483647;
			files = (
			);
			runOnlyForDeploymentPostprocessing = 0;
		};
		D9C163C31BAE255F0080ADE9 /* Resources */ = {
			isa = PBXResourcesBuildPhase;
			buildActionMask = 2147483647;
			files = (
			);
			runOnlyForDeploymentPostprocessing = 0;
		};
/* End PBXResourcesBuildPhase section */

/* Begin PBXSourcesBuildPhase section */
		D9C1639E1BAE255F0080ADE9 /* Sources */ = {
			isa = PBXSourcesBuildPhase;
			buildActionMask = 2147483647;
			files = (
				D9C163D81BAE31DC0080ADE9 /* Item.swift in Sources */,
				D9C163DE1BAE828F0080ADE9 /* Level.swift in Sources */,
				D9C163AA1BAE255F0080ADE9 /* GameScene.swift in Sources */,
				D9C163AC1BAE255F0080ADE9 /* GameViewController.swift in Sources */,
				D9C163DC1BAE37620080ADE9 /* Board2D.swift in Sources */,
				D9C163A61BAE255F0080ADE9 /* AppDelegate.swift in Sources */,
			);
			runOnlyForDeploymentPostprocessing = 0;
		};
		D9C163B61BAE255F0080ADE9 /* Sources */ = {
			isa = PBXSourcesBuildPhase;
			buildActionMask = 2147483647;
			files = (
				D9C163BF1BAE255F0080ADE9 /* ThreeMatchOnSpriteTests.swift in Sources */,
			);
			runOnlyForDeploymentPostprocessing = 0;
		};
		D9C163C11BAE255F0080ADE9 /* Sources */ = {
			isa = PBXSourcesBuildPhase;
			buildActionMask = 2147483647;
			files = (
				D9C163CA1BAE255F0080ADE9 /* ThreeMatchOnSpriteUITests.swift in Sources */,
			);
			runOnlyForDeploymentPostprocessing = 0;
		};
/* End PBXSourcesBuildPhase section */

/* Begin PBXTargetDependency section */
		D9C163BC1BAE255F0080ADE9 /* PBXTargetDependency */ = {
			isa = PBXTargetDependency;
			target = D9C163A11BAE255F0080ADE9 /* ThreeMatchOnSprite */;
			targetProxy = D9C163BB1BAE255F0080ADE9 /* PBXContainerItemProxy */;
		};
		D9C163C71BAE255F0080ADE9 /* PBXTargetDependency */ = {
			isa = PBXTargetDependency;
			target = D9C163A11BAE255F0080ADE9 /* ThreeMatchOnSprite */;
			targetProxy = D9C163C61BAE255F0080ADE9 /* PBXContainerItemProxy */;
		};
/* End PBXTargetDependency section */

/* Begin PBXVariantGroup section */
		D9C163AD1BAE255F0080ADE9 /* Main.storyboard */ = {
			isa = PBXVariantGroup;
			children = (
				D9C163AE1BAE255F0080ADE9 /* Base */,
			);
			name = Main.storyboard;
			sourceTree = "<group>";
		};
		D9C163B21BAE255F0080ADE9 /* LaunchScreen.storyboard */ = {
			isa = PBXVariantGroup;
			children = (
				D9C163B31BAE255F0080ADE9 /* Base */,
			);
			name = LaunchScreen.storyboard;
			sourceTree = "<group>";
		};
/* End PBXVariantGroup section */

/* Begin XCBuildConfiguration section */
		D9C163CC1BAE255F0080ADE9 /* Debug */ = {
			isa = XCBuildConfiguration;
			buildSettings = {
				ALWAYS_SEARCH_USER_PATHS = NO;
				CLANG_CXX_LANGUAGE_STANDARD = "gnu++0x";
				CLANG_CXX_LIBRARY = "libc++";
				CLANG_ENABLE_MODULES = YES;
				CLANG_ENABLE_OBJC_ARC = YES;
				CLANG_WARN_BOOL_CONVERSION = YES;
				CLANG_WARN_CONSTANT_CONVERSION = YES;
				CLANG_WARN_DIRECT_OBJC_ISA_USAGE = YES_ERROR;
				CLANG_WARN_EMPTY_BODY = YES;
				CLANG_WARN_ENUM_CONVERSION = YES;
				CLANG_WARN_INT_CONVERSION = YES;
				CLANG_WARN_OBJC_ROOT_CLASS = YES_ERROR;
				CLANG_WARN_UNREACHABLE_CODE = YES;
				CLANG_WARN__DUPLICATE_METHOD_MATCH = YES;
				"CODE_SIGN_IDENTITY[sdk=iphoneos*]" = "iPhone Developer";
				COPY_PHASE_STRIP = NO;
				DEBUG_INFORMATION_FORMAT = "dwarf-with-dsym";
				ENABLE_STRICT_OBJC_MSGSEND = YES;
				ENABLE_TESTABILITY = YES;
				GCC_C_LANGUAGE_STANDARD = gnu99;
				GCC_DYNAMIC_NO_PIC = NO;
				GCC_NO_COMMON_BLOCKS = YES;
				GCC_OPTIMIZATION_LEVEL = 0;
				GCC_PREPROCESSOR_DEFINITIONS = (
					"DEBUG=1",
					"$(inherited)",
				);
				GCC_WARN_64_TO_32_BIT_CONVERSION = YES;
				GCC_WARN_ABOUT_RETURN_TYPE = YES_ERROR;
				GCC_WARN_UNDECLARED_SELECTOR = YES;
				GCC_WARN_UNINITIALIZED_AUTOS = YES_AGGRESSIVE;
				GCC_WARN_UNUSED_FUNCTION = YES;
				GCC_WARN_UNUSED_VARIABLE = YES;
				IPHONEOS_DEPLOYMENT_TARGET = 9.0;
				MTL_ENABLE_DEBUG_INFO = YES;
				ONLY_ACTIVE_ARCH = YES;
				SDKROOT = iphoneos;
				SWIFT_OPTIMIZATION_LEVEL = "-Onone";
				TARGETED_DEVICE_FAMILY = "1,2";
			};
			name = Debug;
		};
		D9C163CD1BAE255F0080ADE9 /* Release */ = {
			isa = XCBuildConfiguration;
			buildSettings = {
				ALWAYS_SEARCH_USER_PATHS = NO;
				CLANG_CXX_LANGUAGE_STANDARD = "gnu++0x";
				CLANG_CXX_LIBRARY = "libc++";
				CLANG_ENABLE_MODULES = YES;
				CLANG_ENABLE_OBJC_ARC = YES;
				CLANG_WARN_BOOL_CONVERSION = YES;
				CLANG_WARN_CONSTANT_CONVERSION = YES;
				CLANG_WARN_DIRECT_OBJC_ISA_USAGE = YES_ERROR;
				CLANG_WARN_EMPTY_BODY = YES;
				CLANG_WARN_ENUM_CONVERSION = YES;
				CLANG_WARN_INT_CONVERSION = YES;
				CLANG_WARN_OBJC_ROOT_CLASS = YES_ERROR;
				CLANG_WARN_UNREACHABLE_CODE = YES;
				CLANG_WARN__DUPLICATE_METHOD_MATCH = YES;
				"CODE_SIGN_IDENTITY[sdk=iphoneos*]" = "iPhone Developer";
				COPY_PHASE_STRIP = NO;
				DEBUG_INFORMATION_FORMAT = "dwarf-with-dsym";
				ENABLE_NS_ASSERTIONS = NO;
				ENABLE_STRICT_OBJC_MSGSEND = YES;
				GCC_C_LANGUAGE_STANDARD = gnu99;
				GCC_NO_COMMON_BLOCKS = YES;
				GCC_WARN_64_TO_32_BIT_CONVERSION = YES;
				GCC_WARN_ABOUT_RETURN_TYPE = YES_ERROR;
				GCC_WARN_UNDECLARED_SELECTOR = YES;
				GCC_WARN_UNINITIALIZED_AUTOS = YES_AGGRESSIVE;
				GCC_WARN_UNUSED_FUNCTION = YES;
				GCC_WARN_UNUSED_VARIABLE = YES;
				IPHONEOS_DEPLOYMENT_TARGET = 9.0;
				MTL_ENABLE_DEBUG_INFO = NO;
				SDKROOT = iphoneos;
				TARGETED_DEVICE_FAMILY = "1,2";
				VALIDATE_PRODUCT = YES;
			};
			name = Release;
		};
		D9C163CF1BAE255F0080ADE9 /* Debug */ = {
			isa = XCBuildConfiguration;
			buildSettings = {
				ASSETCATALOG_COMPILER_APPICON_NAME = AppIcon;
				INFOPLIST_FILE = ThreeMatchOnSprite/Info.plist;
				LD_RUNPATH_SEARCH_PATHS = "$(inherited) @executable_path/Frameworks";
				PRODUCT_BUNDLE_IDENTIFIER = lsdimagine.ThreeMatchOnSprite;
				PRODUCT_NAME = "$(TARGET_NAME)";
			};
			name = Debug;
		};
		D9C163D01BAE255F0080ADE9 /* Release */ = {
			isa = XCBuildConfiguration;
			buildSettings = {
				ASSETCATALOG_COMPILER_APPICON_NAME = AppIcon;
				INFOPLIST_FILE = ThreeMatchOnSprite/Info.plist;
				LD_RUNPATH_SEARCH_PATHS = "$(inherited) @executable_path/Frameworks";
				PRODUCT_BUNDLE_IDENTIFIER = lsdimagine.ThreeMatchOnSprite;
				PRODUCT_NAME = "$(TARGET_NAME)";
			};
			name = Release;
		};
		D9C163D21BAE255F0080ADE9 /* Debug */ = {
			isa = XCBuildConfiguration;
			buildSettings = {
				BUNDLE_LOADER = "$(TEST_HOST)";
				DEBUG_INFORMATION_FORMAT = dwarf;
				INFOPLIST_FILE = ThreeMatchOnSpriteTests/Info.plist;
				LD_RUNPATH_SEARCH_PATHS = "$(inherited) @executable_path/Frameworks @loader_path/Frameworks";
				PRODUCT_BUNDLE_IDENTIFIER = lsdimagine.ThreeMatchOnSpriteTests;
				PRODUCT_NAME = "$(TARGET_NAME)";
				TEST_HOST = "$(BUILT_PRODUCTS_DIR)/ThreeMatchOnSprite.app/ThreeMatchOnSprite";
			};
			name = Debug;
		};
		D9C163D31BAE255F0080ADE9 /* Release */ = {
			isa = XCBuildConfiguration;
			buildSettings = {
				BUNDLE_LOADER = "$(TEST_HOST)";
				INFOPLIST_FILE = ThreeMatchOnSpriteTests/Info.plist;
				LD_RUNPATH_SEARCH_PATHS = "$(inherited) @executable_path/Frameworks @loader_path/Frameworks";
				PRODUCT_BUNDLE_IDENTIFIER = lsdimagine.ThreeMatchOnSpriteTests;
				PRODUCT_NAME = "$(TARGET_NAME)";
				TEST_HOST = "$(BUILT_PRODUCTS_DIR)/ThreeMatchOnSprite.app/ThreeMatchOnSprite";
			};
			name = Release;
		};
		D9C163D51BAE255F0080ADE9 /* Debug */ = {
			isa = XCBuildConfiguration;
			buildSettings = {
				DEBUG_INFORMATION_FORMAT = dwarf;
				INFOPLIST_FILE = ThreeMatchOnSpriteUITests/Info.plist;
				LD_RUNPATH_SEARCH_PATHS = "$(inherited) @executable_path/Frameworks @loader_path/Frameworks";
				PRODUCT_BUNDLE_IDENTIFIER = lsdimagine.ThreeMatchOnSpriteUITests;
				PRODUCT_NAME = "$(TARGET_NAME)";
				TEST_TARGET_NAME = ThreeMatchOnSprite;
				USES_XCTRUNNER = YES;
			};
			name = Debug;
		};
		D9C163D61BAE255F0080ADE9 /* Release */ = {
			isa = XCBuildConfiguration;
			buildSettings = {
				INFOPLIST_FILE = ThreeMatchOnSpriteUITests/Info.plist;
				LD_RUNPATH_SEARCH_PATHS = "$(inherited) @executable_path/Frameworks @loader_path/Frameworks";
				PRODUCT_BUNDLE_IDENTIFIER = lsdimagine.ThreeMatchOnSpriteUITests;
				PRODUCT_NAME = "$(TARGET_NAME)";
				TEST_TARGET_NAME = ThreeMatchOnSprite;
				USES_XCTRUNNER = YES;
			};
			name = Release;
		};
/* End XCBuildConfiguration section */

/* Begin XCConfigurationList section */
		D9C1639D1BAE255F0080ADE9 /* Build configuration list for PBXProject "ThreeMatchOnSprite" */ = {
			isa = XCConfigurationList;
			buildConfigurations = (
				D9C163CC1BAE255F0080ADE9 /* Debug */,
				D9C163CD1BAE255F0080ADE9 /* Release */,
			);
			defaultConfigurationIsVisible = 0;
			defaultConfigurationName = Release;
		};
		D9C163CE1BAE255F0080ADE9 /* Build configuration list for PBXNativeTarget "ThreeMatchOnSprite" */ = {
			isa = XCConfigurationList;
			buildConfigurations = (
				D9C163CF1BAE255F0080ADE9 /* Debug */,
				D9C163D01BAE255F0080ADE9 /* Release */,
			);
			defaultConfigurationIsVisible = 0;
		};
		D9C163D11BAE255F0080ADE9 /* Build configuration list for PBXNativeTarget "ThreeMatchOnSpriteTests" */ = {
			isa = XCConfigurationList;
			buildConfigurations = (
				D9C163D21BAE255F0080ADE9 /* Debug */,
				D9C163D31BAE255F0080ADE9 /* Release */,
			);
			defaultConfigurationIsVisible = 0;
		};
		D9C163D41BAE255F0080ADE9 /* Build configuration list for PBXNativeTarget "ThreeMatchOnSpriteUITests" */ = {
			isa = XCConfigurationList;
			buildConfigurations = (
				D9C163D51BAE255F0080ADE9 /* Debug */,
				D9C163D61BAE255F0080ADE9 /* Release */,
			);
			defaultConfigurationIsVisible = 0;
		};
/* End XCConfigurationList section */
	};
	rootObject = D9C1639A1BAE255F0080ADE9 /* Project object */;
}
